
Microsoft Visual Studio Solution File, Format Version 12.00
# Visual Studio 15
VisualStudioVersion = 15.0.28307.489
MinimumVisualStudioVersion = 10.0.40219.1
Project("{FAE04EC0-301F-11D3-BF4B-00C04F79EFBC}") = "JediLibraryWebApp", "JediLibraryWebApp\JediLibraryWebApp.csproj", "{69C32480-6C34-45E4-AAAC-715CDFB5524F}"
EndProject
Global
	GlobalSection(SolutionConfigurationPlatforms) = preSolution
		Debug|Any CPU = Debug|Any CPU
		Release|Any CPU = Release|Any CPU
	EndGlobalSection
	GlobalSection(ProjectConfigurationPlatforms) = postSolution
		{69C32480-6C34-45E4-AAAC-715CDFB5524F}.Debug|Any CPU.ActiveCfg = Debug|Any CPU
		{69C32480-6C34-45E4-AAAC-715CDFB5524F}.Debug|Any CPU.Build.0 = Debug|Any CPU
		{69C32480-6C34-45E4-AAAC-715CDFB5524F}.Release|Any CPU.ActiveCfg = Release|Any CPU
		{69C32480-6C34-45E4-AAAC-715CDFB5524F}.Release|Any CPU.Build.0 = Release|Any CPU
	EndGlobalSection
	GlobalSection(SolutionProperties) = preSolution
		HideSolutionNode = FALSE
	EndGlobalSection
	GlobalSection(ExtensibilityGlobals) = postSolution
		SolutionGuid = {BCC037A7-4ED5-4042-A3AC-4C5853E6E4D7}
	EndGlobalSection
EndGlobal
